
Microsoft Visual Studio Solution File, Format Version 12.00
# Visual Studio 15
VisualStudioVersion = 15.0.28307.438
MinimumVisualStudioVersion = 10.0.40219.1
Project("{FAE04EC0-301F-11D3-BF4B-00C04F79EFBC}") = "winamr.Android", "winamr\winamr.Android\winamr.Android.csproj", "{24CE3C36-16B9-426D-AA0C-5961ECF8D88C}"
EndProject
Project("{FAE04EC0-301F-11D3-BF4B-00C04F79EFBC}") = "winamr.iOS", "winamr\winamr.iOS\winamr.iOS.csproj", "{4BA69391-E017-44F5-91BD-AB3C16A83608}"
EndProject
Project("{FAE04EC0-301F-11D3-BF4B-00C04F79EFBC}") = "winamr", "winamr\winamr\winamr.csproj", "{C0BF4F99-799B-44AE-89AF-BC09E1AE7DDC}"
EndProject
Global
	GlobalSection(SolutionConfigurationPlatforms) = preSolution
		Debug|Any CPU = Debug|Any CPU
		Debug|iPhone = Debug|iPhone
		Debug|iPhoneSimulator = Debug|iPhoneSimulator
		Release|Any CPU = Release|Any CPU
		Release|iPhone = Release|iPhone
		Release|iPhoneSimulator = Release|iPhoneSimulator
	EndGlobalSection
	GlobalSection(ProjectConfigurationPlatforms) = postSolution
		{24CE3C36-16B9-426D-AA0C-5961ECF8D88C}.Debug|Any CPU.ActiveCfg = Debug|Any CPU
		{24CE3C36-16B9-426D-AA0C-5961ECF8D88C}.Debug|Any CPU.Build.0 = Debug|Any CPU
		{24CE3C36-16B9-426D-AA0C-5961ECF8D88C}.Debug|Any CPU.Deploy.0 = Debug|Any CPU
		{24CE3C36-16B9-426D-AA0C-5961ECF8D88C}.Debug|iPhone.ActiveCfg = Debug|Any CPU
		{24CE3C36-16B9-426D-AA0C-5961ECF8D88C}.Debug|iPhone.Build.0 = Debug|Any CPU
		{24CE3C36-16B9-426D-AA0C-5961ECF8D88C}.Debug|iPhone.Deploy.0 = Debug|Any CPU
		{24CE3C36-16B9-426D-AA0C-5961ECF8D88C}.Debug|iPhoneSimulator.ActiveCfg = Debug|Any CPU
		{24CE3C36-16B9-426D-AA0C-5961ECF8D88C}.Debug|iPhoneSimulator.Build.0 = Debug|Any CPU
		{24CE3C36-16B9-426D-AA0C-5961ECF8D88C}.Debug|iPhoneSimulator.Deploy.0 = Debug|Any CPU
		{24CE3C36-16B9-426D-AA0C-5961ECF8D88C}.Release|Any CPU.ActiveCfg = Release|Any CPU
		{24CE3C36-16B9-426D-AA0C-5961ECF8D88C}.Release|Any CPU.Build.0 = Release|Any CPU
		{24CE3C36-16B9-426D-AA0C-5961ECF8D88C}.Release|Any CPU.Deploy.0 = Release|Any CPU
		{24CE3C36-16B9-426D-AA0C-5961ECF8D88C}.Release|iPhone.ActiveCfg = Release|Any CPU
		{24CE3C36-16B9-426D-AA0C-5961ECF8D88C}.Release|iPhone.Build.0 = Release|Any CPU
		{24CE3C36-16B9-426D-AA0C-5961ECF8D88C}.Release|iPhone.Deploy.0 = Release|Any CPU
		{24CE3C36-16B9-426D-AA0C-5961ECF8D88C}.Release|iPhoneSimulator.ActiveCfg = Release|Any CPU
		{24CE3C36-16B9-426D-AA0C-5961ECF8D88C}.Release|iPhoneSimulator.Build.0 = Release|Any CPU
		{24CE3C36-16B9-426D-AA0C-5961ECF8D88C}.Release|iPhoneSimulator.Deploy.0 = Release|Any CPU
		{4BA69391-E017-44F5-91BD-AB3C16A83608}.Debug|Any CPU.ActiveCfg = Debug|iPhoneSimulator
		{4BA69391-E017-44F5-91BD-AB3C16A83608}.Debug|Any CPU.Build.0 = Debug|iPhoneSimulator
		{4BA69391-E017-44F5-91BD-AB3C16A83608}.Debug|Any CPU.Deploy.0 = Debug|iPhoneSimulator
		{4BA69391-E017-44F5-91BD-AB3C16A83608}.Debug|iPhone.ActiveCfg = Debug|iPhone
		{4BA69391-E017-44F5-91BD-AB3C16A83608}.Debug|iPhone.Build.0 = Debug|iPhone
		{4BA69391-E017-44F5-91BD-AB3C16A83608}.Debug|iPhone.Deploy.0 = Debug|iPhone
		{4BA69391-E017-44F5-91BD-AB3C16A83608}.Debug|iPhoneSimulator.ActiveCfg = Debug|iPhoneSimulator
		{4BA69391-E017-44F5-91BD-AB3C16A83608}.Debug|iPhoneSimulator.Build.0 = Debug|iPhoneSimulator
		{4BA69391-E017-44F5-91BD-AB3C16A83608}.Debug|iPhoneSimulator.Deploy.0 = Debug|iPhoneSimulator
		{4BA69391-E017-44F5-91BD-AB3C16A83608}.Release|Any CPU.ActiveCfg = Release|iPhone
		{4BA69391-E017-44F5-91BD-AB3C16A83608}.Release|Any CPU.Build.0 = Release|iPhone
		{4BA69391-E017-44F5-91BD-AB3C16A83608}.Release|Any CPU.Deploy.0 = Release|iPhone
		{4BA69391-E017-44F5-91BD-AB3C16A83608}.Release|iPhone.ActiveCfg = Release|iPhone
		{4BA69391-E017-44F5-91BD-AB3C16A83608}.Release|iPhone.Build.0 = Release|iPhone
		{4BA69391-E017-44F5-91BD-AB3C16A83608}.Release|iPhone.Deploy.0 = Release|iPhone
		{4BA69391-E017-44F5-91BD-AB3C16A83608}.Release|iPhoneSimulator.ActiveCfg = Release|iPhoneSimulator
		{4BA69391-E017-44F5-91BD-AB3C16A83608}.Release|iPhoneSimulator.Build.0 = Release|iPhoneSimulator
		{4BA69391-E017-44F5-91BD-AB3C16A83608}.Release|iPhoneSimulator.Deploy.0 = Release|iPhoneSimulator
		{C0BF4F99-799B-44AE-89AF-BC09E1AE7DDC}.Debug|Any CPU.ActiveCfg = Debug|Any CPU
		{C0BF4F99-799B-44AE-89AF-BC09E1AE7DDC}.Debug|Any CPU.Build.0 = Debug|Any CPU
		{C0BF4F99-799B-44AE-89AF-BC09E1AE7DDC}.Debug|Any CPU.Deploy.0 = Debug|Any CPU
		{C0BF4F99-799B-44AE-89AF-BC09E1AE7DDC}.Debug|iPhone.ActiveCfg = Debug|Any CPU
		{C0BF4F99-799B-44AE-89AF-BC09E1AE7DDC}.Debug|iPhone.Build.0 = Debug|Any CPU
		{C0BF4F99-799B-44AE-89AF-BC09E1AE7DDC}.Debug|iPhone.Deploy.0 = Debug|Any CPU
		{C0BF4F99-799B-44AE-89AF-BC09E1AE7DDC}.Debug|iPhoneSimulator.ActiveCfg = Debug|Any CPU
		{C0BF4F99-799B-44AE-89AF-BC09E1AE7DDC}.Debug|iPhoneSimulator.Build.0 = Debug|Any CPU
		{C0BF4F99-799B-44AE-89AF-BC09E1AE7DDC}.Debug|iPhoneSimulator.Deploy.0 = Debug|Any CPU
		{C0BF4F99-799B-44AE-89AF-BC09E1AE7DDC}.Release|Any CPU.ActiveCfg = Release|Any CPU
		{C0BF4F99-799B-44AE-89AF-BC09E1AE7DDC}.Release|Any CPU.Build.0 = Release|Any CPU
		{C0BF4F99-799B-44AE-89AF-BC09E1AE7DDC}.Release|Any CPU.Deploy.0 = Release|Any CPU
		{C0BF4F99-799B-44AE-89AF-BC09E1AE7DDC}.Release|iPhone.ActiveCfg = Release|Any CPU
		{C0BF4F99-799B-44AE-89AF-BC09E1AE7DDC}.Release|iPhone.Build.0 = Release|Any CPU
		{C0BF4F99-799B-44AE-89AF-BC09E1AE7DDC}.Release|iPhone.Deploy.0 = Release|Any CPU
		{C0BF4F99-799B-44AE-89AF-BC09E1AE7DDC}.Release|iPhoneSimulator.ActiveCfg = Release|Any CPU
		{C0BF4F99-799B-44AE-89AF-BC09E1AE7DDC}.Release|iPhoneSimulator.Build.0 = Release|Any CPU
		{C0BF4F99-799B-44AE-89AF-BC09E1AE7DDC}.Release|iPhoneSimulator.Deploy.0 = Release|Any CPU
	EndGlobalSection
	GlobalSection(SolutionProperties) = preSolution
		HideSolutionNode = FALSE
	EndGlobalSection
	GlobalSection(ExtensibilityGlobals) = postSolution
		SolutionGuid = {4354AEC8-5951-414D-B71B-97083ABBB519}
	EndGlobalSection
EndGlobal
